
Microsoft Visual Studio Solution File, Format Version 12.00
# Visual Studio Version 17
VisualStudioVersion = 17.13.35919.96 d17.13
MinimumVisualStudioVersion = 10.0.40219.1
Project("{FAE04EC0-301F-11D3-BF4B-00C04F79EFBC}") = "FlappyBirdWalls", "FlappyBirdWalls\FlappyBirdWalls.csproj", "{4EC64F32-3600-47E1-8164-9F841D3D7D2A}"
EndProject
Global
	GlobalSection(SolutionConfigurationPlatforms) = preSolution
		Debug|Any CPU = Debug|Any CPU
		Release|Any CPU = Release|Any CPU
	EndGlobalSection
	GlobalSection(ProjectConfigurationPlatforms) = postSolution
		{4EC64F32-3600-47E1-8164-9F841D3D7D2A}.Debug|Any CPU.ActiveCfg = Debug|Any CPU
		{4EC64F32-3600-47E1-8164-9F841D3D7D2A}.Debug|Any CPU.Build.0 = Debug|Any CPU
		{4EC64F32-3600-47E1-8164-9F841D3D7D2A}.Release|Any CPU.ActiveCfg = Release|Any CPU
		{4EC64F32-3600-47E1-8164-9F841D3D7D2A}.Release|Any CPU.Build.0 = Release|Any CPU
	EndGlobalSection
	GlobalSection(SolutionProperties) = preSolution
		HideSolutionNode = FALSE
	EndGlobalSection
	GlobalSection(ExtensibilityGlobals) = postSolution
		SolutionGuid = {F270AD1D-4EAC-4ACB-BEB9-172246046F9F}
	EndGlobalSection
EndGlobal
